// !$*UTF8*$!
{
	archiveVersion = 1;
	classes = {
	};
	objectVersion = 56;
	objects = {

/* Begin PBXBuildFile section */
		5B3EED192A050102009609EF /* ViewMaskingAnimationApp.swift in Sources */ = {isa = PBXBuildFile; fileRef = 5B3EED182A050102009609EF /* ViewMaskingAnimationApp.swift */; };
		5B3EED1B2A050102009609EF /* ContentView.swift in Sources */ = {isa = PBXBuildFile; fileRef = 5B3EED1A2A050102009609EF /* ContentView.swift */; };
		5B3EED1D2A050102009609EF /* Assets.xcassets in Resources */ = {isa = PBXBuildFile; fileRef = 5B3EED1C2A050102009609EF /* Assets.xcassets */; };
		5B3EED202A050103009609EF /* Preview Assets.xcassets in Resources */ = {isa = PBXBuildFile; fileRef = 5B3EED1F2A050103009609EF /* Preview Assets.xcassets */; };
		5B3EED2A2A050103009609EF /* ViewMaskingAnimationTests.swift in Sources */ = {isa = PBXBuildFile; fileRef = 5B3EED292A050103009609EF /* ViewMaskingAnimationTests.swift */; };
		5B3EED342A050103009609EF /* ViewMaskingAnimationUITests.swift in Sources */ = {isa = PBXBuildFile; fileRef = 5B3EED332A050103009609EF /* ViewMaskingAnimationUITests.swift */; };
		5B3EED362A050103009609EF /* ViewMaskingAnimationUITestsLaunchTests.swift in Sources */ = {isa = PBXBuildFile; fileRef = 5B3EED352A050103009609EF /* ViewMaskingAnimationUITestsLaunchTests.swift */; };
		5B3EED432A051C94009609EF /* RectangleDetail.swift in Sources */ = {isa = PBXBuildFile; fileRef = 5B3EED422A051C94009609EF /* RectangleDetail.swift */; };
		5BCAF97B2A0A30FE0054D1E7 /* ViewModel.swift in Sources */ = {isa = PBXBuildFile; fileRef = 5BCAF97A2A0A30FE0054D1E7 /* ViewModel.swift */; };
		5BCAF97D2A0A934C0054D1E7 /* User.swift in Sources */ = {isa = PBXBuildFile; fileRef = 5BCAF97C2A0A934C0054D1E7 /* User.swift */; };
		5BCAF97F2A0A946E0054D1E7 /* StatusCell.swift in Sources */ = {isa = PBXBuildFile; fileRef = 5BCAF97E2A0A946E0054D1E7 /* StatusCell.swift */; };
/* End PBXBuildFile section */

/* Begin PBXContainerItemProxy section */
		5B3EED262A050103009609EF /* PBXContainerItemProxy */ = {
			isa = PBXContainerItemProxy;
			containerPortal = 5B3EED0D2A050102009609EF /* Project object */;
			proxyType = 1;
			remoteGlobalIDString = 5B3EED142A050102009609EF;
			remoteInfo = ViewMaskingAnimation;
		};
		5B3EED302A050103009609EF /* PBXContainerItemProxy */ = {
			isa = PBXContainerItemProxy;
			containerPortal = 5B3EED0D2A050102009609EF /* Project object */;
			proxyType = 1;
			remoteGlobalIDString = 5B3EED142A050102009609EF;
			remoteInfo = ViewMaskingAnimation;
		};
/* End PBXContainerItemProxy section */

/* Begin PBXFileReference section */
		5B3EED152A050102009609EF /* ViewMaskingAnimation.app */ = {isa = PBXFileReference; explicitFileType = wrapper.application; includeInIndex = 0; path = ViewMaskingAnimation.app; sourceTree = BUILT_PRODUCTS_DIR; };
		5B3EED182A050102009609EF /* ViewMaskingAnimationApp.swift */ = {isa = PBXFileReference; lastKnownFileType = sourcecode.swift; path = ViewMaskingAnimationApp.swift; sourceTree = "<group>"; };
		5B3EED1A2A050102009609EF /* ContentView.swift */ = {isa = PBXFileReference; lastKnownFileType = sourcecode.swift; path = ContentView.swift; sourceTree = "<group>"; };
		5B3EED1C2A050102009609EF /* Assets.xcassets */ = {isa = PBXFileReference; lastKnownFileType = folder.assetcatalog; path = Assets.xcassets; sourceTree = "<group>"; };
		5B3EED1F2A050103009609EF /* Preview Assets.xcassets */ = {isa = PBXFileReference; lastKnownFileType = folder.assetcatalog; path = "Preview Assets.xcassets"; sourceTree = "<group>"; };
		5B3EED252A050103009609EF /* ViewMaskingAnimationTests.xctest */ = {isa = PBXFileReference; explicitFileType = wrapper.cfbundle; includeInIndex = 0; path = ViewMaskingAnimationTests.xctest; sourceTree = BUILT_PRODUCTS_DIR; };
		5B3EED292A050103009609EF /* ViewMaskingAnimationTests.swift */ = {isa = PBXFileReference; lastKnownFileType = sourcecode.swift; path = ViewMaskingAnimationTests.swift; sourceTree = "<group>"; };
		5B3EED2F2A050103009609EF /* ViewMaskingAnimationUITests.xctest */ = {isa = PBXFileReference; explicitFileType = wrapper.cfbundle; includeInIndex = 0; path = ViewMaskingAnimationUITests.xctest; sourceTree = BUILT_PRODUCTS_DIR; };
		5B3EED332A050103009609EF /* ViewMaskingAnimationUITests.swift */ = {isa = PBXFileReference; lastKnownFileType = sourcecode.swift; path = ViewMaskingAnimationUITests.swift; sourceTree = "<group>"; };
		5B3EED352A050103009609EF /* ViewMaskingAnimationUITestsLaunchTests.swift */ = {isa = PBXFileReference; lastKnownFileType = sourcecode.swift; path = ViewMaskingAnimationUITestsLaunchTests.swift; sourceTree = "<group>"; };
		5B3EED422A051C94009609EF /* RectangleDetail.swift */ = {isa = PBXFileReference; lastKnownFileType = sourcecode.swift; path = RectangleDetail.swift; sourceTree = "<group>"; };
		5BCAF97A2A0A30FE0054D1E7 /* ViewModel.swift */ = {isa = PBXFileReference; lastKnownFileType = sourcecode.swift; path = ViewModel.swift; sourceTree = "<group>"; };
		5BCAF97C2A0A934C0054D1E7 /* User.swift */ = {isa = PBXFileReference; lastKnownFileType = sourcecode.swift; path = User.swift; sourceTree = "<group>"; };
		5BCAF97E2A0A946E0054D1E7 /* StatusCell.swift */ = {isa = PBXFileReference; lastKnownFileType = sourcecode.swift; path = StatusCell.swift; sourceTree = "<group>"; };
/* End PBXFileReference section */

/* Begin PBXFrameworksBuildPhase section */
		5B3EED122A050102009609EF /* Frameworks */ = {
			isa = PBXFrameworksBuildPhase;
			buildActionMask = 2147483647;
			files = (
			);
			runOnlyForDeploymentPostprocessing = 0;
		};
		5B3EED222A050103009609EF /* Frameworks */ = {
			isa = PBXFrameworksBuildPhase;
			buildActionMask = 2147483647;
			files = (
			);
			runOnlyForDeploymentPostprocessing = 0;
		};
		5B3EED2C2A050103009609EF /* Frameworks */ = {
			isa = PBXFrameworksBuildPhase;
			buildActionMask = 2147483647;
			files = (
			);
			runOnlyForDeploymentPostprocessing = 0;
		};
/* End PBXFrameworksBuildPhase section */

/* Begin PBXGroup section */
		5B3EED0C2A050102009609EF = {
			isa = PBXGroup;
			children = (
				5B3EED172A050102009609EF /* ViewMaskingAnimation */,
				5B3EED282A050103009609EF /* ViewMaskingAnimationTests */,
				5B3EED322A050103009609EF /* ViewMaskingAnimationUITests */,
				5B3EED162A050102009609EF /* Products */,
			);
			sourceTree = "<group>";
		};
		5B3EED162A050102009609EF /* Products */ = {
			isa = PBXGroup;
			children = (
				5B3EED152A050102009609EF /* ViewMaskingAnimation.app */,
				5B3EED252A050103009609EF /* ViewMaskingAnimationTests.xctest */,
				5B3EED2F2A050103009609EF /* ViewMaskingAnimationUITests.xctest */,
			);
			name = Products;
			sourceTree = "<group>";
		};
		5B3EED172A050102009609EF /* ViewMaskingAnimation */ = {
			isa = PBXGroup;
			children = (
				5B3EED182A050102009609EF /* ViewMaskingAnimationApp.swift */,
				5BCAF97C2A0A934C0054D1E7 /* User.swift */,
				5B3EED1A2A050102009609EF /* ContentView.swift */,
				5BCAF97E2A0A946E0054D1E7 /* StatusCell.swift */,
				5BCAF97A2A0A30FE0054D1E7 /* ViewModel.swift */,
				5B3EED422A051C94009609EF /* RectangleDetail.swift */,
				5B3EED1C2A050102009609EF /* Assets.xcassets */,
				5B3EED1E2A050103009609EF /* Preview Content */,
			);
			path = ViewMaskingAnimation;
			sourceTree = "<group>";
		};
		5B3EED1E2A050103009609EF /* Preview Content */ = {
			isa = PBXGroup;
			children = (
				5B3EED1F2A050103009609EF /* Preview Assets.xcassets */,
			);
			path = "Preview Content";
			sourceTree = "<group>";
		};
		5B3EED282A050103009609EF /* ViewMaskingAnimationTests */ = {
			isa = PBXGroup;
			children = (
				5B3EED292A050103009609EF /* ViewMaskingAnimationTests.swift */,
			);
			path = ViewMaskingAnimationTests;
			sourceTree = "<group>";
		};
		5B3EED322A050103009609EF /* ViewMaskingAnimationUITests */ = {
			isa = PBXGroup;
			children = (
				5B3EED332A050103009609EF /* ViewMaskingAnimationUITests.swift */,
				5B3EED352A050103009609EF /* ViewMaskingAnimationUITestsLaunchTests.swift */,
			);
			path = ViewMaskingAnimationUITests;
			sourceTree = "<group>";
		};
/* End PBXGroup section */

/* Begin PBXNativeTarget section */
		5B3EED142A050102009609EF /* ViewMaskingAnimation */ = {
			isa = PBXNativeTarget;
			buildConfigurationList = 5B3EED392A050103009609EF /* Build configuration list for PBXNativeTarget "ViewMaskingAnimation" */;
			buildPhases = (
				5B3EED112A050102009609EF /* Sources */,
				5B3EED122A050102009609EF /* Frameworks */,
				5B3EED132A050102009609EF /* Resources */,
			);
			buildRules = (
			);
			dependencies = (
			);
			name = ViewMaskingAnimation;
			productName = ViewMaskingAnimation;
			productReference = 5B3EED152A050102009609EF /* ViewMaskingAnimation.app */;
			productType = "com.apple.product-type.application";
		};
		5B3EED242A050103009609EF /* ViewMaskingAnimationTests */ = {
			isa = PBXNativeTarget;
			buildConfigurationList = 5B3EED3C2A050103009609EF /* Build configuration list for PBXNativeTarget "ViewMaskingAnimationTests" */;
			buildPhases = (
				5B3EED212A050103009609EF /* Sources */,
				5B3EED222A050103009609EF /* Frameworks */,
				5B3EED232A050103009609EF /* Resources */,
			);
			buildRules = (
			);
			dependencies = (
				5B3EED272A050103009609EF /* PBXTargetDependency */,
			);
			name = ViewMaskingAnimationTests;
			productName = ViewMaskingAnimationTests;
			productReference = 5B3EED252A050103009609EF /* ViewMaskingAnimationTests.xctest */;
			productType = "com.apple.product-type.bundle.unit-test";
		};
		5B3EED2E2A050103009609EF /* ViewMaskingAnimationUITests */ = {
			isa = PBXNativeTarget;
			buildConfigurationList = 5B3EED3F2A050103009609EF /* Build configuration list for PBXNativeTarget "ViewMaskingAnimationUITests" */;
			buildPhases = (
				5B3EED2B2A050103009609EF /* Sources */,
				5B3EED2C2A050103009609EF /* Frameworks */,
				5B3EED2D2A050103009609EF /* Resources */,
			);
			buildRules = (
			);
			dependencies = (
				5B3EED312A050103009609EF /* PBXTargetDependency */,
			);
			name = ViewMaskingAnimationUITests;
			productName = ViewMaskingAnimationUITests;
			productReference = 5B3EED2F2A050103009609EF /* ViewMaskingAnimationUITests.xctest */;
			productType = "com.apple.product-type.bundle.ui-testing";
		};
/* End PBXNativeTarget section */

/* Begin PBXProject section */
		5B3EED0D2A050102009609EF /* Project object */ = {
			isa = PBXProject;
			attributes = {
				BuildIndependentTargetsInParallel = 1;
				LastSwiftUpdateCheck = 1430;
				LastUpgradeCheck = 1430;
				TargetAttributes = {
					5B3EED142A050102009609EF = {
						CreatedOnToolsVersion = 14.3;
					};
					5B3EED242A050103009609EF = {
						CreatedOnToolsVersion = 14.3;
						TestTargetID = 5B3EED142A050102009609EF;
					};
					5B3EED2E2A050103009609EF = {
						CreatedOnToolsVersion = 14.3;
						TestTargetID = 5B3EED142A050102009609EF;
					};
				};
			};
			buildConfigurationList = 5B3EED102A050102009609EF /* Build configuration list for PBXProject "ViewMaskingAnimation" */;
			compatibilityVersion = "Xcode 14.0";
			developmentRegion = en;
			hasScannedForEncodings = 0;
			knownRegions = (
				en,
				Base,
			);
			mainGroup = 5B3EED0C2A050102009609EF;
			productRefGroup = 5B3EED162A050102009609EF /* Products */;
			projectDirPath = "";
			projectRoot = "";
			targets = (
				5B3EED142A050102009609EF /* ViewMaskingAnimation */,
				5B3EED242A050103009609EF /* ViewMaskingAnimationTests */,
				5B3EED2E2A050103009609EF /* ViewMaskingAnimationUITests */,
			);
		};
/* End PBXProject section */

/* Begin PBXResourcesBuildPhase section */
		5B3EED132A050102009609EF /* Resources */ = {
			isa = PBXResourcesBuildPhase;
			buildActionMask = 2147483647;
			files = (
				5B3EED202A050103009609EF /* Preview Assets.xcassets in Resources */,
				5B3EED1D2A050102009609EF /* Assets.xcassets in Resources */,
			);
			runOnlyForDeploymentPostprocessing = 0;
		};
		5B3EED232A050103009609EF /* Resources */ = {
			isa = PBXResourcesBuildPhase;
			buildActionMask = 2147483647;
			files = (
			);
			runOnlyForDeploymentPostprocessing = 0;
		};
		5B3EED2D2A050103009609EF /* Resources */ = {
			isa = PBXResourcesBuildPhase;
			buildActionMask = 2147483647;
			files = (
			);
			runOnlyForDeploymentPostprocessing = 0;
		};
/* End PBXResourcesBuildPhase section */

/* Begin PBXSourcesBuildPhase section */
		5B3EED112A050102009609EF /* Sources */ = {
			isa = PBXSourcesBuildPhase;
			buildActionMask = 2147483647;
			files = (
				5B3EED1B2A050102009609EF /* ContentView.swift in Sources */,
				5B3EED192A050102009609EF /* ViewMaskingAnimationApp.swift in Sources */,
				5B3EED432A051C94009609EF /* RectangleDetail.swift in Sources */,
				5BCAF97D2A0A934C0054D1E7 /* User.swift in Sources */,
				5BCAF97B2A0A30FE0054D1E7 /* ViewModel.swift in Sources */,
				5BCAF97F2A0A946E0054D1E7 /* StatusCell.swift in Sources */,
			);
			runOnlyForDeploymentPostprocessing = 0;
		};
		5B3EED212A050103009609EF /* Sources */ = {
			isa = PBXSourcesBuildPhase;
			buildActionMask = 2147483647;
			files = (
				5B3EED2A2A050103009609EF /* ViewMaskingAnimationTests.swift in Sources */,
			);
			runOnlyForDeploymentPostprocessing = 0;
		};
		5B3EED2B2A050103009609EF /* Sources */ = {
			isa = PBXSourcesBuildPhase;
			buildActionMask = 2147483647;
			files = (
				5B3EED342A050103009609EF /* ViewMaskingAnimationUITests.swift in Sources */,
				5B3EED362A050103009609EF /* ViewMaskingAnimationUITestsLaunchTests.swift in Sources */,
			);
			runOnlyForDeploymentPostprocessing = 0;
		};
/* End PBXSourcesBuildPhase section */

/* Begin PBXTargetDependency section */
		5B3EED272A050103009609EF /* PBXTargetDependency */ = {
			isa = PBXTargetDependency;
			target = 5B3EED142A050102009609EF /* ViewMaskingAnimation */;
			targetProxy = 5B3EED262A050103009609EF /* PBXContainerItemProxy */;
		};
		5B3EED312A050103009609EF /* PBXTargetDependency */ = {
			isa = PBXTargetDependency;
			target = 5B3EED142A050102009609EF /* ViewMaskingAnimation */;
			targetProxy = 5B3EED302A050103009609EF /* PBXContainerItemProxy */;
		};
/* End PBXTargetDependency section */

/* Begin XCBuildConfiguration section */
		5B3EED372A050103009609EF /* Debug */ = {
			isa = XCBuildConfiguration;
			buildSettings = {
				ALWAYS_SEARCH_USER_PATHS = NO;
				CLANG_ANALYZER_NONNULL = YES;
				CLANG_ANALYZER_NUMBER_OBJECT_CONVERSION = YES_AGGRESSIVE;
				CLANG_CXX_LANGUAGE_STANDARD = "gnu++20";
				CLANG_ENABLE_MODULES = YES;
				CLANG_ENABLE_OBJC_ARC = YES;
				CLANG_ENABLE_OBJC_WEAK = YES;
				CLANG_WARN_BLOCK_CAPTURE_AUTORELEASING = YES;
				CLANG_WARN_BOOL_CONVERSION = YES;
				CLANG_WARN_COMMA = YES;
				CLANG_WARN_CONSTANT_CONVERSION = YES;
				CLANG_WARN_DEPRECATED_OBJC_IMPLEMENTATIONS = YES;
				CLANG_WARN_DIRECT_OBJC_ISA_USAGE = YES_ERROR;
				CLANG_WARN_DOCUMENTATION_COMMENTS = YES;
				CLANG_WARN_EMPTY_BODY = YES;
				CLANG_WARN_ENUM_CONVERSION = YES;
				CLANG_WARN_INFINITE_RECURSION = YES;
				CLANG_WARN_INT_CONVERSION = YES;
				CLANG_WARN_NON_LITERAL_NULL_CONVERSION = YES;
				CLANG_WARN_OBJC_IMPLICIT_RETAIN_SELF = YES;
				CLANG_WARN_OBJC_LITERAL_CONVERSION = YES;
				CLANG_WARN_OBJC_ROOT_CLASS = YES_ERROR;
				CLANG_WARN_QUOTED_INCLUDE_IN_FRAMEWORK_HEADER = YES;
				CLANG_WARN_RANGE_LOOP_ANALYSIS = YES;
				CLANG_WARN_STRICT_PROTOTYPES = YES;
				CLANG_WARN_SUSPICIOUS_MOVE = YES;
				CLANG_WARN_UNGUARDED_AVAILABILITY = YES_AGGRESSIVE;
				CLANG_WARN_UNREACHABLE_CODE = YES;
				CLANG_WARN__DUPLICATE_METHOD_MATCH = YES;
				COPY_PHASE_STRIP = NO;
				DEBUG_INFORMATION_FORMAT = dwarf;
				ENABLE_STRICT_OBJC_MSGSEND = YES;
				ENABLE_TESTABILITY = YES;
				GCC_C_LANGUAGE_STANDARD = gnu11;
				GCC_DYNAMIC_NO_PIC = NO;
				GCC_NO_COMMON_BLOCKS = YES;
				GCC_OPTIMIZATION_LEVEL = 0;
				GCC_PREPROCESSOR_DEFINITIONS = (
					"DEBUG=1",
					"$(inherited)",
				);
				GCC_WARN_64_TO_32_BIT_CONVERSION = YES;
				GCC_WARN_ABOUT_RETURN_TYPE = YES_ERROR;
				GCC_WARN_UNDECLARED_SELECTOR = YES;
				GCC_WARN_UNINITIALIZED_AUTOS = YES_AGGRESSIVE;
				GCC_WARN_UNUSED_FUNCTION = YES;
				GCC_WARN_UNUSED_VARIABLE = YES;
				IPHONEOS_DEPLOYMENT_TARGET = 16.4;
				MTL_ENABLE_DEBUG_INFO = INCLUDE_SOURCE;
				MTL_FAST_MATH = YES;
				ONLY_ACTIVE_ARCH = YES;
				SDKROOT = iphoneos;
				SWIFT_ACTIVE_COMPILATION_CONDITIONS = DEBUG;
				SWIFT_OPTIMIZATION_LEVEL = "-Onone";
			};
			name = Debug;
		};
		5B3EED382A050103009609EF /* Release */ = {
			isa = XCBuildConfiguration;
			buildSettings = {
				ALWAYS_SEARCH_USER_PATHS = NO;
				CLANG_ANALYZER_NONNULL = YES;
				CLANG_ANALYZER_NUMBER_OBJECT_CONVERSION = YES_AGGRESSIVE;
				CLANG_CXX_LANGUAGE_STANDARD = "gnu++20";
				CLANG_ENABLE_MODULES = YES;
				CLANG_ENABLE_OBJC_ARC = YES;
				CLANG_ENABLE_OBJC_WEAK = YES;
				CLANG_WARN_BLOCK_CAPTURE_AUTORELEASING = YES;
				CLANG_WARN_BOOL_CONVERSION = YES;
				CLANG_WARN_COMMA = YES;
				CLANG_WARN_CONSTANT_CONVERSION = YES;
				CLANG_WARN_DEPRECATED_OBJC_IMPLEMENTATIONS = YES;
				CLANG_WARN_DIRECT_OBJC_ISA_USAGE = YES_ERROR;
				CLANG_WARN_DOCUMENTATION_COMMENTS = YES;
				CLANG_WARN_EMPTY_BODY = YES;
				CLANG_WARN_ENUM_CONVERSION = YES;
				CLANG_WARN_INFINITE_RECURSION = YES;
				CLANG_WARN_INT_CONVERSION = YES;
				CLANG_WARN_NON_LITERAL_NULL_CONVERSION = YES;
				CLANG_WARN_OBJC_IMPLICIT_RETAIN_SELF = YES;
				CLANG_WARN_OBJC_LITERAL_CONVERSION = YES;
				CLANG_WARN_OBJC_ROOT_CLASS = YES_ERROR;
				CLANG_WARN_QUOTED_INCLUDE_IN_FRAMEWORK_HEADER = YES;
				CLANG_WARN_RANGE_LOOP_ANALYSIS = YES;
				CLANG_WARN_STRICT_PROTOTYPES = YES;
				CLANG_WARN_SUSPICIOUS_MOVE = YES;
				CLANG_WARN_UNGUARDED_AVAILABILITY = YES_AGGRESSIVE;
				CLANG_WARN_UNREACHABLE_CODE = YES;
				CLANG_WARN__DUPLICATE_METHOD_MATCH = YES;
				COPY_PHASE_STRIP = NO;
				DEBUG_INFORMATION_FORMAT = "dwarf-with-dsym";
				ENABLE_NS_ASSERTIONS = NO;
				ENABLE_STRICT_OBJC_MSGSEND = YES;
				GCC_C_LANGUAGE_STANDARD = gnu11;
				GCC_NO_COMMON_BLOCKS = YES;
				GCC_WARN_64_TO_32_BIT_CONVERSION = YES;
				GCC_WARN_ABOUT_RETURN_TYPE = YES_ERROR;
				GCC_WARN_UNDECLARED_SELECTOR = YES;
				GCC_WARN_UNINITIALIZED_AUTOS = YES_AGGRESSIVE;
				GCC_WARN_UNUSED_FUNCTION = YES;
				GCC_WARN_UNUSED_VARIABLE = YES;
				IPHONEOS_DEPLOYMENT_TARGET = 16.4;
				MTL_ENABLE_DEBUG_INFO = NO;
				MTL_FAST_MATH = YES;
				SDKROOT = iphoneos;
				SWIFT_COMPILATION_MODE = wholemodule;
				SWIFT_OPTIMIZATION_LEVEL = "-O";
				VALIDATE_PRODUCT = YES;
			};
			name = Release;
		};
		5B3EED3A2A050103009609EF /* Debug */ = {
			isa = XCBuildConfiguration;
			buildSettings = {
				ASSETCATALOG_COMPILER_APPICON_NAME = AppIcon;
				ASSETCATALOG_COMPILER_GLOBAL_ACCENT_COLOR_NAME = AccentColor;
				CODE_SIGN_STYLE = Automatic;
				CURRENT_PROJECT_VERSION = 1;
				DEVELOPMENT_ASSET_PATHS = "\"ViewMaskingAnimation/Preview Content\"";
				DEVELOPMENT_TEAM = YX6YC65D69;
				ENABLE_PREVIEWS = YES;
				GENERATE_INFOPLIST_FILE = YES;
				INFOPLIST_KEY_UIApplicationSceneManifest_Generation = YES;
				INFOPLIST_KEY_UIApplicationSupportsIndirectInputEvents = YES;
				INFOPLIST_KEY_UILaunchScreen_Generation = YES;
				INFOPLIST_KEY_UISupportedInterfaceOrientations_iPad = "UIInterfaceOrientationPortrait UIInterfaceOrientationPortraitUpsideDown UIInterfaceOrientationLandscapeLeft UIInterfaceOrientationLandscapeRight";
				INFOPLIST_KEY_UISupportedInterfaceOrientations_iPhone = "UIInterfaceOrientationPortrait UIInterfaceOrientationLandscapeLeft UIInterfaceOrientationLandscapeRight";
				IPHONEOS_DEPLOYMENT_TARGET = 16.0;
				LD_RUNPATH_SEARCH_PATHS = (
					"$(inherited)",
					"@executable_path/Frameworks",
				);
				MARKETING_VERSION = 1.0;
				PRODUCT_BUNDLE_IDENTIFIER = com.mlorenz.ViewMaskingAnimation;
				PRODUCT_NAME = "$(TARGET_NAME)";
				SWIFT_EMIT_LOC_STRINGS = YES;
				SWIFT_VERSION = 5.0;
				TARGETED_DEVICE_FAMILY = "1,2";
			};
			name = Debug;
		};
		5B3EED3B2A050103009609EF /* Release */ = {
			isa = XCBuildConfiguration;
			buildSettings = {
				ASSETCATALOG_COMPILER_APPICON_NAME = AppIcon;
				ASSETCATALOG_COMPILER_GLOBAL_ACCENT_COLOR_NAME = AccentColor;
				CODE_SIGN_STYLE = Automatic;
				CURRENT_PROJECT_VERSION = 1;
				DEVELOPMENT_ASSET_PATHS = "\"ViewMaskingAnimation/Preview Content\"";
				DEVELOPMENT_TEAM = YX6YC65D69;
				ENABLE_PREVIEWS = YES;
				GENERATE_INFOPLIST_FILE = YES;
				INFOPLIST_KEY_UIApplicationSceneManifest_Generation = YES;
				INFOPLIST_KEY_UIApplicationSupportsIndirectInputEvents = YES;
				INFOPLIST_KEY_UILaunchScreen_Generation = YES;
				INFOPLIST_KEY_UISupportedInterfaceOrientations_iPad = "UIInterfaceOrientationPortrait UIInterfaceOrientationPortraitUpsideDown UIInterfaceOrientationLandscapeLeft UIInterfaceOrientationLandscapeRight";
				INFOPLIST_KEY_UISupportedInterfaceOrientations_iPhone = "UIInterfaceOrientationPortrait UIInterfaceOrientationLandscapeLeft UIInterfaceOrientationLandscapeRight";
				IPHONEOS_DEPLOYMENT_TARGET = 16.0;
				LD_RUNPATH_SEARCH_PATHS = (
					"$(inherited)",
					"@executable_path/Frameworks",
				);
				MARKETING_VERSION = 1.0;
				PRODUCT_BUNDLE_IDENTIFIER = com.mlorenz.ViewMaskingAnimation;
				PRODUCT_NAME = "$(TARGET_NAME)";
				SWIFT_EMIT_LOC_STRINGS = YES;
				SWIFT_VERSION = 5.0;
				TARGETED_DEVICE_FAMILY = "1,2";
			};
			name = Release;
		};
		5B3EED3D2A050103009609EF /* Debug */ = {
			isa = XCBuildConfiguration;
			buildSettings = {
				ALWAYS_EMBED_SWIFT_STANDARD_LIBRARIES = YES;
				BUNDLE_LOADER = "$(TEST_HOST)";
				CODE_SIGN_STYLE = Automatic;
				CURRENT_PROJECT_VERSION = 1;
				DEVELOPMENT_TEAM = YX6YC65D69;
				GENERATE_INFOPLIST_FILE = YES;
				IPHONEOS_DEPLOYMENT_TARGET = 16.4;
				MARKETING_VERSION = 1.0;
				PRODUCT_BUNDLE_IDENTIFIER = com.mlorenz.ViewMaskingAnimationTests;
				PRODUCT_NAME = "$(TARGET_NAME)";
				SWIFT_EMIT_LOC_STRINGS = NO;
				SWIFT_VERSION = 5.0;
				TARGETED_DEVICE_FAMILY = "1,2";
				TEST_HOST = "$(BUILT_PRODUCTS_DIR)/ViewMaskingAnimation.app/$(BUNDLE_EXECUTABLE_FOLDER_PATH)/ViewMaskingAnimation";
			};
			name = Debug;
		};
		5B3EED3E2A050103009609EF /* Release */ = {
			isa = XCBuildConfiguration;
			buildSettings = {
				ALWAYS_EMBED_SWIFT_STANDARD_LIBRARIES = YES;
				BUNDLE_LOADER = "$(TEST_HOST)";
				CODE_SIGN_STYLE = Automatic;
				CURRENT_PROJECT_VERSION = 1;
				DEVELOPMENT_TEAM = YX6YC65D69;
				GENERATE_INFOPLIST_FILE = YES;
				IPHONEOS_DEPLOYMENT_TARGET = 16.4;
				MARKETING_VERSION = 1.0;
				PRODUCT_BUNDLE_IDENTIFIER = com.mlorenz.ViewMaskingAnimationTests;
				PRODUCT_NAME = "$(TARGET_NAME)";
				SWIFT_EMIT_LOC_STRINGS = NO;
				SWIFT_VERSION = 5.0;
				TARGETED_DEVICE_FAMILY = "1,2";
				TEST_HOST = "$(BUILT_PRODUCTS_DIR)/ViewMaskingAnimation.app/$(BUNDLE_EXECUTABLE_FOLDER_PATH)/ViewMaskingAnimation";
			};
			name = Release;
		};
		5B3EED402A050103009609EF /* Debug */ = {
			isa = XCBuildConfiguration;
			buildSettings = {
				ALWAYS_EMBED_SWIFT_STANDARD_LIBRARIES = YES;
				CODE_SIGN_STYLE = Automatic;
				CURRENT_PROJECT_VERSION = 1;
				DEVELOPMENT_TEAM = YX6YC65D69;
				GENERATE_INFOPLIST_FILE = YES;
				MARKETING_VERSION = 1.0;
				PRODUCT_BUNDLE_IDENTIFIER = com.mlorenz.ViewMaskingAnimationUITests;
				PRODUCT_NAME = "$(TARGET_NAME)";
				SWIFT_EMIT_LOC_STRINGS = NO;
				SWIFT_VERSION = 5.0;
				TARGETED_DEVICE_FAMILY = "1,2";
				TEST_TARGET_NAME = ViewMaskingAnimation;
			};
			name = Debug;
		};
		5B3EED412A050103009609EF /* Release */ = {
			isa = XCBuildConfiguration;
			buildSettings = {
				ALWAYS_EMBED_SWIFT_STANDARD_LIBRARIES = YES;
				CODE_SIGN_STYLE = Automatic;
				CURRENT_PROJECT_VERSION = 1;
				DEVELOPMENT_TEAM = YX6YC65D69;
				GENERATE_INFOPLIST_FILE = YES;
				MARKETING_VERSION = 1.0;
				PRODUCT_BUNDLE_IDENTIFIER = com.mlorenz.ViewMaskingAnimationUITests;
				PRODUCT_NAME = "$(TARGET_NAME)";
				SWIFT_EMIT_LOC_STRINGS = NO;
				SWIFT_VERSION = 5.0;
				TARGETED_DEVICE_FAMILY = "1,2";
				TEST_TARGET_NAME = ViewMaskingAnimation;
			};
			name = Release;
		};
/* End XCBuildConfiguration section */

/* Begin XCConfigurationList section */
		5B3EED102A050102009609EF /* Build configuration list for PBXProject "ViewMaskingAnimation" */ = {
			isa = XCConfigurationList;
			buildConfigurations = (
				5B3EED372A050103009609EF /* Debug */,
				5B3EED382A050103009609EF /* Release */,
			);
			defaultConfigurationIsVisible = 0;
			defaultConfigurationName = Release;
		};
		5B3EED392A050103009609EF /* Build configuration list for PBXNativeTarget "ViewMaskingAnimation" */ = {
			isa = XCConfigurationList;
			buildConfigurations = (
				5B3EED3A2A050103009609EF /* Debug */,
				5B3EED3B2A050103009609EF /* Release */,
			);
			defaultConfigurationIsVisible = 0;
			defaultConfigurationName = Release;
		};
		5B3EED3C2A050103009609EF /* Build configuration list for PBXNativeTarget "ViewMaskingAnimationTests" */ = {
			isa = XCConfigurationList;
			buildConfigurations = (
				5B3EED3D2A050103009609EF /* Debug */,
				5B3EED3E2A050103009609EF /* Release */,
			);
			defaultConfigurationIsVisible = 0;
			defaultConfigurationName = Release;
		};
		5B3EED3F2A050103009609EF /* Build configuration list for PBXNativeTarget "ViewMaskingAnimationUITests" */ = {
			isa = XCConfigurationList;
			buildConfigurations = (
				5B3EED402A050103009609EF /* Debug */,
				5B3EED412A050103009609EF /* Release */,
			);
			defaultConfigurationIsVisible = 0;
			defaultConfigurationName = Release;
		};
/* End XCConfigurationList section */
	};
	rootObject = 5B3EED0D2A050102009609EF /* Project object */;
}
